github.com/davecgh/go-spew v1.1.1 h1:vj9j/u1bqnvCEfJOwUhtlOARqs3+rkHYY13jYWTU97c=
github.com/davecgh/go-spew v1.1.1/go.mod h1:J7Y8YcW2NihsgmVo/mv3lAwl/skON4iLHjSsI+c5H38=
github.com/golang-jwt/jwt v3.2.2+incompatible h1:IfV12K8xAKAnZqdXVzCZ+TOjboZ2keLg81eXfW3O+oY=
github.com/golang-jwt/jwt v3.2.2+incompatible/go.mod h1:8pz2t5EyA70fFQQSrl6XZXzqecmYZeUEB8OUGHkxJ+I=
github.com/haiyiyun/log v0.0.0-20250714021242-243291bf2f88 h1:K0c5SzBlwtvDLoRykKHetDJEDMPtBM4Je9Ox+k13YiA=
github.com/haiyiyun/log v0.0.0-20250714021242-243291bf2f88/go.mod h1:REISaucR2styQ62sk//GZEiv8pQNcOEkCjR0J/fG4bg=
github.com/haiyiyun/mongodb v0.0.0-20250714024937-af0b2494660a h1:X2BhbayWa7S+h0aNPlcr02UatqLE+07TNysSaMTxUN0=
github.com/haiyiyun/mongodb v0.0.0-20250714024937-af0b2494660a/go.mod h1:mJjQLEA/+cPpUhIrLRurEboKSPtM91+XSk3T7FpVAk8=
github.com/haiyiyun/plugins/user v0.0.0-20230120122813-2f699304561d h1:2DIt7nRaj2P/ClKNMQt7hMG2FKCMSIfSxFTIeMAFCTM=
github.com/haiyiyun/plugins/user v0.0.0-20230120122813-2f699304561d/go.mod h1:bzlZArHga1Sc9bpAeRwvgOh6seqjZCpDpvbsxkppwIo=
github.com/haiyiyun/utils v0.0.0-20250714030319-0020d33a185d h1:5L6kqZOrn//8flmt86VbEC/HyDbysnoZ3D/D9T9YlZc=
github.com/haiyiyun/utils v0.0.0-20250714030319-0020d33a185d/go.mod h1:0wWdZF3KjUkwB7S4fthu0+s80dOb7wgrwsLxsmLt0TE=
github.com/haiyiyun/uuid v0.0.0-20250714025316-0cd7ec9ae801 h1:wDEXb81l7Yutg1GGJ7O3SQgOiOIoc7KjkYPbRoUfFzY=
github.com/haiyiyun/uuid v0.0.0-20250714025316-0cd7ec9ae801/go.mod h1:HMZKdmFUjiCWhA92aiDGME/gwcX0viOEi6SdOMxMy5E=
github.com/haiyiyun/webrouter v0.0.0-20250714030435-4a329d81f352 h1:SqaVAYwTlyZlvlRWPaGzfjGuwTWKRoMX9QE/vwQkoQw=
github.com/haiyiyun/webrouter v0.0.0-20250714030435-4a329d81f352/go.mod h1:XPXY6A08SAnovY9ydapjuR0WKn28jgXPItq4zzqzcWo=
go.mongodb.org/mongo-driver v1.17.4 h1:jUorfmVzljjr0FLzYQsGP8cgN/qzzxlY9Vh0C9KFXVw=
go.mongodb.org/mongo-driver v1.17.4/go.mod h1:Hy04i7O2kC4RS06ZrhPRqj/u4DTYkFDAAccj+rVKqgQ=
