github.com/haiyiyun/log v0.0.0-20250714021242-243291bf2f88 h1:K0c5SzBlwtvDLoRykKHetDJEDMPtBM4Je9Ox+k13YiA=
github.com/haiyiyun/log v0.0.0-20250714021242-243291bf2f88/go.mod h1:REISaucR2styQ62sk//GZEiv8pQNcOEkCjR0J/fG4bg=
github.com/haiyiyun/webrouter v0.0.0-20250714030435-4a329d81f352 h1:SqaVAYwTlyZlvlRWPaGzfjGuwTWKRoMX9QE/vwQkoQw=
github.com/haiyiyun/webrouter v0.0.0-20250714030435-4a329d81f352/go.mod h1:XPXY6A08SAnovY9ydapjuR0WKn28jgXPItq4zzqzcWo=
